
Microsoft Visual Studio Solution File, Format Version 12.00
# Visual Studio 15
VisualStudioVersion = 15.0.27703.2026
MinimumVisualStudioVersion = 10.0.40219.1
Project("{FAE04EC0-301F-11D3-BF4B-00C04F79EFBC}") = "zoo", "zoo\zoo.csproj", "{362D11C3-CA9C-4299-A7F5-EE3F11850F4E}"
EndProject
Global
	GlobalSection(SolutionConfigurationPlatforms) = preSolution
		Debug|Any CPU = Debug|Any CPU
		Release|Any CPU = Release|Any CPU
	EndGlobalSection
	GlobalSection(ProjectConfigurationPlatforms) = postSolution
		{362D11C3-CA9C-4299-A7F5-EE3F11850F4E}.Debug|Any CPU.ActiveCfg = Debug|Any CPU
		{362D11C3-CA9C-4299-A7F5-EE3F11850F4E}.Debug|Any CPU.Build.0 = Debug|Any CPU
		{362D11C3-CA9C-4299-A7F5-EE3F11850F4E}.Release|Any CPU.ActiveCfg = Release|Any CPU
		{362D11C3-CA9C-4299-A7F5-EE3F11850F4E}.Release|Any CPU.Build.0 = Release|Any CPU
	EndGlobalSection
	GlobalSection(SolutionProperties) = preSolution
		HideSolutionNode = FALSE
	EndGlobalSection
	GlobalSection(ExtensibilityGlobals) = postSolution
		SolutionGuid = {8F21A6B6-A690-4EC8-A8FC-76AEF3980620}
	EndGlobalSection
EndGlobal
